// !$*UTF8*$!
{
	archiveVersion = 1;
	classes = {
	};
	objectVersion = 55;
	objects = {

/* Begin PBXBuildFile section */
		3F1D2EED2891C283006F0F73 /* QuizViewController.swift in Sources */ = {isa = PBXBuildFile; fileRef = 3F1D2EEC2891C283006F0F73 /* QuizViewController.swift */; };
		3F1D2EEF2891C2B9006F0F73 /* GraphViewController.swift in Sources */ = {isa = PBXBuildFile; fileRef = 3F1D2EEE2891C2B9006F0F73 /* GraphViewController.swift */; };
		3F1D2EF12891C317006F0F73 /* AnimalTableViewController.swift in Sources */ = {isa = PBXBuildFile; fileRef = 3F1D2EF02891C317006F0F73 /* AnimalTableViewController.swift */; };
		3F1D2EF32891C344006F0F73 /* DetailViewController.swift in Sources */ = {isa = PBXBuildFile; fileRef = 3F1D2EF22891C344006F0F73 /* DetailViewController.swift */; };
		3F1D2EF52891C513006F0F73 /* ResultsViewController.swift in Sources */ = {isa = PBXBuildFile; fileRef = 3F1D2EF42891C513006F0F73 /* ResultsViewController.swift */; };
		3F3E8AC52891BCA300DC9F56 /* AppDelegate.swift in Sources */ = {isa = PBXBuildFile; fileRef = 3F3E8AC42891BCA300DC9F56 /* AppDelegate.swift */; };
		3F3E8AC72891BCA300DC9F56 /* SceneDelegate.swift in Sources */ = {isa = PBXBuildFile; fileRef = 3F3E8AC62891BCA300DC9F56 /* SceneDelegate.swift */; };
		3F3E8ACC2891BCA300DC9F56 /* Main.storyboard in Resources */ = {isa = PBXBuildFile; fileRef = 3F3E8ACA2891BCA300DC9F56 /* Main.storyboard */; };
		3F3E8ACE2891BCA400DC9F56 /* Assets.xcassets in Resources */ = {isa = PBXBuildFile; fileRef = 3F3E8ACD2891BCA400DC9F56 /* Assets.xcassets */; };
		3F3E8AD12891BCA400DC9F56 /* LaunchScreen.storyboard in Resources */ = {isa = PBXBuildFile; fileRef = 3F3E8ACF2891BCA400DC9F56 /* LaunchScreen.storyboard */; };
		3FDB1B012892E07B00284665 /* Info.storyboard in Resources */ = {isa = PBXBuildFile; fileRef = 3FDB1AFF2892E07B00284665 /* Info.storyboard */; };
		3FDB1B052892E39D00284665 /* HomePageQuote.swift in Sources */ = {isa = PBXBuildFile; fileRef = 3FDB1B042892E39D00284665 /* HomePageQuote.swift */; };
		3FDB1B092893012700284665 /* AnimalInformation.storyboard in Resources */ = {isa = PBXBuildFile; fileRef = 3FDB1B082893012700284665 /* AnimalInformation.storyboard */; };
		3FDB1B0C2893013B00284665 /* AnimalList.storyboard in Resources */ = {isa = PBXBuildFile; fileRef = 3FDB1B0A2893013B00284665 /* AnimalList.storyboard */; };
		3FDB1B0E2893015100284665 /* Home.storyboard in Resources */ = {isa = PBXBuildFile; fileRef = 3FDB1B0D2893015100284665 /* Home.storyboard */; };
		3FDB1B112893016300284665 /* Graphs.storyboard in Resources */ = {isa = PBXBuildFile; fileRef = 3FDB1B0F2893016300284665 /* Graphs.storyboard */; };
		3FDB1B132893017900284665 /* QuizQuestions.storyboard in Resources */ = {isa = PBXBuildFile; fileRef = 3FDB1B122893017900284665 /* QuizQuestions.storyboard */; };
		3FDB1B162893018E00284665 /* QuizResults.storyboard in Resources */ = {isa = PBXBuildFile; fileRef = 3FDB1B142893018E00284665 /* QuizResults.storyboard */; };
/* End PBXBuildFile section */

/* Begin PBXContainerItemProxy section */
		3F3E8AD82891BCA400DC9F56 /* PBXContainerItemProxy */ = {
			isa = PBXContainerItemProxy;
			containerPortal = 3F3E8AB92891BCA300DC9F56 /* Project object */;
			proxyType = 1;
			remoteGlobalIDString = 3F3E8AC02891BCA300DC9F56;
			remoteInfo = RacingAgainstExtinction;
		};
		3F3E8AE22891BCA400DC9F56 /* PBXContainerItemProxy */ = {
			isa = PBXContainerItemProxy;
			containerPortal = 3F3E8AB92891BCA300DC9F56 /* Project object */;
			proxyType = 1;
			remoteGlobalIDString = 3F3E8AC02891BCA300DC9F56;
			remoteInfo = RacingAgainstExtinction;
		};
/* End PBXContainerItemProxy section */

/* Begin PBXFileReference section */
		3F1D2EEC2891C283006F0F73 /* QuizViewController.swift */ = {isa = PBXFileReference; lastKnownFileType = sourcecode.swift; path = QuizViewController.swift; sourceTree = "<group>"; };
		3F1D2EEE2891C2B9006F0F73 /* GraphViewController.swift */ = {isa = PBXFileReference; lastKnownFileType = sourcecode.swift; path = GraphViewController.swift; sourceTree = "<group>"; };
		3F1D2EF02891C317006F0F73 /* AnimalTableViewController.swift */ = {isa = PBXFileReference; lastKnownFileType = sourcecode.swift; path = AnimalTableViewController.swift; sourceTree = "<group>"; };
		3F1D2EF22891C344006F0F73 /* DetailViewController.swift */ = {isa = PBXFileReference; lastKnownFileType = sourcecode.swift; path = DetailViewController.swift; sourceTree = "<group>"; };
		3F1D2EF42891C513006F0F73 /* ResultsViewController.swift */ = {isa = PBXFileReference; lastKnownFileType = sourcecode.swift; path = ResultsViewController.swift; sourceTree = "<group>"; };
		3F3E8AC12891BCA300DC9F56 /* RacingAgainstExtinction.app */ = {isa = PBXFileReference; explicitFileType = wrapper.application; includeInIndex = 0; path = RacingAgainstExtinction.app; sourceTree = BUILT_PRODUCTS_DIR; };
		3F3E8AC42891BCA300DC9F56 /* AppDelegate.swift */ = {isa = PBXFileReference; lastKnownFileType = sourcecode.swift; path = AppDelegate.swift; sourceTree = "<group>"; };
		3F3E8AC62891BCA300DC9F56 /* SceneDelegate.swift */ = {isa = PBXFileReference; lastKnownFileType = sourcecode.swift; path = SceneDelegate.swift; sourceTree = "<group>"; };
		3F3E8ACB2891BCA300DC9F56 /* Base */ = {isa = PBXFileReference; lastKnownFileType = file.storyboard; name = Base; path = Base.lproj/Main.storyboard; sourceTree = "<group>"; };
		3F3E8ACD2891BCA400DC9F56 /* Assets.xcassets */ = {isa = PBXFileReference; lastKnownFileType = folder.assetcatalog; path = Assets.xcassets; sourceTree = "<group>"; };
		3F3E8AD02891BCA400DC9F56 /* Base */ = {isa = PBXFileReference; lastKnownFileType = file.storyboard; name = Base; path = Base.lproj/LaunchScreen.storyboard; sourceTree = "<group>"; };
		3F3E8AD22891BCA400DC9F56 /* Info.plist */ = {isa = PBXFileReference; lastKnownFileType = text.plist.xml; path = Info.plist; sourceTree = "<group>"; };
		3F3E8AD72891BCA400DC9F56 /* RacingAgainstExtinctionTests.xctest */ = {isa = PBXFileReference; explicitFileType = wrapper.cfbundle; includeInIndex = 0; path = RacingAgainstExtinctionTests.xctest; sourceTree = BUILT_PRODUCTS_DIR; };
		3F3E8AE12891BCA400DC9F56 /* RacingAgainstExtinctionUITests.xctest */ = {isa = PBXFileReference; explicitFileType = wrapper.cfbundle; includeInIndex = 0; path = RacingAgainstExtinctionUITests.xctest; sourceTree = BUILT_PRODUCTS_DIR; };
		3FDB1B002892E07B00284665 /* Base */ = {isa = PBXFileReference; lastKnownFileType = file.storyboard; name = Base; path = RacingAgainstExtinction/Base.lproj/Info.storyboard; sourceTree = "<group>"; };
		3FDB1B042892E39D00284665 /* HomePageQuote.swift */ = {isa = PBXFileReference; lastKnownFileType = sourcecode.swift; path = HomePageQuote.swift; sourceTree = "<group>"; };
		3FDB1B082893012700284665 /* AnimalInformation.storyboard */ = {isa = PBXFileReference; fileEncoding = 4; lastKnownFileType = file.storyboard; path = AnimalInformation.storyboard; sourceTree = "<group>"; };
		3FDB1B0B2893013B00284665 /* Base */ = {isa = PBXFileReference; lastKnownFileType = file.storyboard; name = Base; path = RacingAgainstExtinction/Base.lproj/AnimalList.storyboard; sourceTree = "<group>"; };
		3FDB1B0D2893015100284665 /* Home.storyboard */ = {isa = PBXFileReference; fileEncoding = 4; lastKnownFileType = file.storyboard; path = Home.storyboard; sourceTree = "<group>"; };
		3FDB1B102893016300284665 /* Base */ = {isa = PBXFileReference; lastKnownFileType = file.storyboard; name = Base; path = RacingAgainstExtinction/Base.lproj/Graphs.storyboard; sourceTree = "<group>"; };
		3FDB1B122893017900284665 /* QuizQuestions.storyboard */ = {isa = PBXFileReference; fileEncoding = 4; lastKnownFileType = file.storyboard; path = QuizQuestions.storyboard; sourceTree = "<group>"; };
		3FDB1B152893018E00284665 /* Base */ = {isa = PBXFileReference; lastKnownFileType = file.storyboard; name = Base; path = RacingAgainstExtinction/Base.lproj/QuizResults.storyboard; sourceTree = "<group>"; };
/* End PBXFileReference section */

/* Begin PBXFrameworksBuildPhase section */
		3F3E8ABE2891BCA300DC9F56 /* Frameworks */ = {
			isa = PBXFrameworksBuildPhase;
			buildActionMask = 2147483647;
			files = (
			);
			runOnlyForDeploymentPostprocessing = 0;
		};
		3F3E8AD42891BCA400DC9F56 /* Frameworks */ = {
			isa = PBXFrameworksBuildPhase;
			buildActionMask = 2147483647;
			files = (
			);
			runOnlyForDeploymentPostprocessing = 0;
		};
		3F3E8ADE2891BCA400DC9F56 /* Frameworks */ = {
			isa = PBXFrameworksBuildPhase;
			buildActionMask = 2147483647;
			files = (
			);
			runOnlyForDeploymentPostprocessing = 0;
		};
/* End PBXFrameworksBuildPhase section */

/* Begin PBXGroup section */
		3F3E8AB82891BCA300DC9F56 = {
			isa = PBXGroup;
			children = (
				3FDB1B142893018E00284665 /* QuizResults.storyboard */,
				3FDB1B122893017900284665 /* QuizQuestions.storyboard */,
				3FDB1B0F2893016300284665 /* Graphs.storyboard */,
				3FDB1B0D2893015100284665 /* Home.storyboard */,
				3FDB1B0A2893013B00284665 /* AnimalList.storyboard */,
				3FDB1B082893012700284665 /* AnimalInformation.storyboard */,
				3FDB1AFF2892E07B00284665 /* Info.storyboard */,
				3F3E8AC32891BCA300DC9F56 /* RacingAgainstExtinction */,
				3F3E8AC22891BCA300DC9F56 /* Products */,
			);
			sourceTree = "<group>";
		};
		3F3E8AC22891BCA300DC9F56 /* Products */ = {
			isa = PBXGroup;
			children = (
				3F3E8AC12891BCA300DC9F56 /* RacingAgainstExtinction.app */,
				3F3E8AD72891BCA400DC9F56 /* RacingAgainstExtinctionTests.xctest */,
				3F3E8AE12891BCA400DC9F56 /* RacingAgainstExtinctionUITests.xctest */,
			);
			name = Products;
			sourceTree = "<group>";
		};
		3F3E8AC32891BCA300DC9F56 /* RacingAgainstExtinction */ = {
			isa = PBXGroup;
			children = (
				3F3E8AC42891BCA300DC9F56 /* AppDelegate.swift */,
				3F3E8AC62891BCA300DC9F56 /* SceneDelegate.swift */,
				3F3E8ACF2891BCA400DC9F56 /* LaunchScreen.storyboard */,
				3F3E8ACA2891BCA300DC9F56 /* Main.storyboard */,
				3FDB1B042892E39D00284665 /* HomePageQuote.swift */,
				3F1D2EF42891C513006F0F73 /* ResultsViewController.swift */,
				3F1D2EF22891C344006F0F73 /* DetailViewController.swift */,
				3F1D2EF02891C317006F0F73 /* AnimalTableViewController.swift */,
				3F1D2EEE2891C2B9006F0F73 /* GraphViewController.swift */,
				3F1D2EEC2891C283006F0F73 /* QuizViewController.swift */,
				3F3E8ACD2891BCA400DC9F56 /* Assets.xcassets */,
				3F3E8AD22891BCA400DC9F56 /* Info.plist */,
			);
			path = RacingAgainstExtinction;
			sourceTree = "<group>";
		};
/* End PBXGroup section */

/* Begin PBXNativeTarget section */
		3F3E8AC02891BCA300DC9F56 /* RacingAgainstExtinction */ = {
			isa = PBXNativeTarget;
			buildConfigurationList = 3F3E8AEB2891BCA400DC9F56 /* Build configuration list for PBXNativeTarget "RacingAgainstExtinction" */;
			buildPhases = (
				3F3E8ABD2891BCA300DC9F56 /* Sources */,
				3F3E8ABE2891BCA300DC9F56 /* Frameworks */,
				3F3E8ABF2891BCA300DC9F56 /* Resources */,
			);
			buildRules = (
			);
			dependencies = (
			);
			name = RacingAgainstExtinction;
			productName = RacingAgainstExtinction;
			productReference = 3F3E8AC12891BCA300DC9F56 /* RacingAgainstExtinction.app */;
			productType = "com.apple.product-type.application";
		};
		3F3E8AD62891BCA400DC9F56 /* RacingAgainstExtinctionTests */ = {
			isa = PBXNativeTarget;
			buildConfigurationList = 3F3E8AEE2891BCA400DC9F56 /* Build configuration list for PBXNativeTarget "RacingAgainstExtinctionTests" */;
			buildPhases = (
				3F3E8AD32891BCA400DC9F56 /* Sources */,
				3F3E8AD42891BCA400DC9F56 /* Frameworks */,
				3F3E8AD52891BCA400DC9F56 /* Resources */,
			);
			buildRules = (
			);
			dependencies = (
				3F3E8AD92891BCA400DC9F56 /* PBXTargetDependency */,
			);
			name = RacingAgainstExtinctionTests;
			productName = RacingAgainstExtinctionTests;
			productReference = 3F3E8AD72891BCA400DC9F56 /* RacingAgainstExtinctionTests.xctest */;
			productType = "com.apple.product-type.bundle.unit-test";
		};
		3F3E8AE02891BCA400DC9F56 /* RacingAgainstExtinctionUITests */ = {
			isa = PBXNativeTarget;
			buildConfigurationList = 3F3E8AF12891BCA400DC9F56 /* Build configuration list for PBXNativeTarget "RacingAgainstExtinctionUITests" */;
			buildPhases = (
				3F3E8ADD2891BCA400DC9F56 /* Sources */,
				3F3E8ADE2891BCA400DC9F56 /* Frameworks */,
				3F3E8ADF2891BCA400DC9F56 /* Resources */,
			);
			buildRules = (
			);
			dependencies = (
				3F3E8AE32891BCA400DC9F56 /* PBXTargetDependency */,
			);
			name = RacingAgainstExtinctionUITests;
			productName = RacingAgainstExtinctionUITests;
			productReference = 3F3E8AE12891BCA400DC9F56 /* RacingAgainstExtinctionUITests.xctest */;
			productType = "com.apple.product-type.bundle.ui-testing";
		};
/* End PBXNativeTarget section */

/* Begin PBXProject section */
		3F3E8AB92891BCA300DC9F56 /* Project object */ = {
			isa = PBXProject;
			attributes = {
				BuildIndependentTargetsInParallel = 1;
				LastSwiftUpdateCheck = 1340;
				LastUpgradeCheck = 1340;
				TargetAttributes = {
					3F3E8AC02891BCA300DC9F56 = {
						CreatedOnToolsVersion = 13.4;
					};
					3F3E8AD62891BCA400DC9F56 = {
						CreatedOnToolsVersion = 13.4;
						TestTargetID = 3F3E8AC02891BCA300DC9F56;
					};
					3F3E8AE02891BCA400DC9F56 = {
						CreatedOnToolsVersion = 13.4;
						TestTargetID = 3F3E8AC02891BCA300DC9F56;
					};
				};
			};
			buildConfigurationList = 3F3E8ABC2891BCA300DC9F56 /* Build configuration list for PBXProject "RacingAgainstExtinction" */;
			compatibilityVersion = "Xcode 13.0";
			developmentRegion = en;
			hasScannedForEncodings = 0;
			knownRegions = (
				en,
				Base,
			);
			mainGroup = 3F3E8AB82891BCA300DC9F56;
			productRefGroup = 3F3E8AC22891BCA300DC9F56 /* Products */;
			projectDirPath = "";
			projectRoot = "";
			targets = (
				3F3E8AC02891BCA300DC9F56 /* RacingAgainstExtinction */,
				3F3E8AD62891BCA400DC9F56 /* RacingAgainstExtinctionTests */,
				3F3E8AE02891BCA400DC9F56 /* RacingAgainstExtinctionUITests */,
			);
		};
/* End PBXProject section */

/* Begin PBXResourcesBuildPhase section */
		3F3E8ABF2891BCA300DC9F56 /* Resources */ = {
			isa = PBXResourcesBuildPhase;
			buildActionMask = 2147483647;
			files = (
				3FDB1B0E2893015100284665 /* Home.storyboard in Resources */,
				3F3E8AD12891BCA400DC9F56 /* LaunchScreen.storyboard in Resources */,
				3FDB1B092893012700284665 /* AnimalInformation.storyboard in Resources */,
				3F3E8ACE2891BCA400DC9F56 /* Assets.xcassets in Resources */,
				3FDB1B162893018E00284665 /* QuizResults.storyboard in Resources */,
				3FDB1B012892E07B00284665 /* Info.storyboard in Resources */,
				3FDB1B112893016300284665 /* Graphs.storyboard in Resources */,
				3FDB1B0C2893013B00284665 /* AnimalList.storyboard in Resources */,
				3FDB1B132893017900284665 /* QuizQuestions.storyboard in Resources */,
				3F3E8ACC2891BCA300DC9F56 /* Main.storyboard in Resources */,
			);
			runOnlyForDeploymentPostprocessing = 0;
		};
		3F3E8AD52891BCA400DC9F56 /* Resources */ = {
			isa = PBXResourcesBuildPhase;
			buildActionMask = 2147483647;
			files = (
			);
			runOnlyForDeploymentPostprocessing = 0;
		};
		3F3E8ADF2891BCA400DC9F56 /* Resources */ = {
			isa = PBXResourcesBuildPhase;
			buildActionMask = 2147483647;
			files = (
			);
			runOnlyForDeploymentPostprocessing = 0;
		};
/* End PBXResourcesBuildPhase section */

/* Begin PBXSourcesBuildPhase section */
		3F3E8ABD2891BCA300DC9F56 /* Sources */ = {
			isa = PBXSourcesBuildPhase;
			buildActionMask = 2147483647;
			files = (
				3F1D2EF12891C317006F0F73 /* AnimalTableViewController.swift in Sources */,
				3F1D2EED2891C283006F0F73 /* QuizViewController.swift in Sources */,
				3F3E8AC52891BCA300DC9F56 /* AppDelegate.swift in Sources */,
				3FDB1B052892E39D00284665 /* HomePageQuote.swift in Sources */,
				3F1D2EEF2891C2B9006F0F73 /* GraphViewController.swift in Sources */,
				3F3E8AC72891BCA300DC9F56 /* SceneDelegate.swift in Sources */,
				3F1D2EF32891C344006F0F73 /* DetailViewController.swift in Sources */,
				3F1D2EF52891C513006F0F73 /* ResultsViewController.swift in Sources */,
			);
			runOnlyForDeploymentPostprocessing = 0;
		};
		3F3E8AD32891BCA400DC9F56 /* Sources */ = {
			isa = PBXSourcesBuildPhase;
			buildActionMask = 2147483647;
			files = (
			);
			runOnlyForDeploymentPostprocessing = 0;
		};
		3F3E8ADD2891BCA400DC9F56 /* Sources */ = {
			isa = PBXSourcesBuildPhase;
			buildActionMask = 2147483647;
			files = (
			);
			runOnlyForDeploymentPostprocessing = 0;
		};
/* End PBXSourcesBuildPhase section */

/* Begin PBXTargetDependency section */
		3F3E8AD92891BCA400DC9F56 /* PBXTargetDependency */ = {
			isa = PBXTargetDependency;
			target = 3F3E8AC02891BCA300DC9F56 /* RacingAgainstExtinction */;
			targetProxy = 3F3E8AD82891BCA400DC9F56 /* PBXContainerItemProxy */;
		};
		3F3E8AE32891BCA400DC9F56 /* PBXTargetDependency */ = {
			isa = PBXTargetDependency;
			target = 3F3E8AC02891BCA300DC9F56 /* RacingAgainstExtinction */;
			targetProxy = 3F3E8AE22891BCA400DC9F56 /* PBXContainerItemProxy */;
		};
/* End PBXTargetDependency section */

/* Begin PBXVariantGroup section */
		3F3E8ACA2891BCA300DC9F56 /* Main.storyboard */ = {
			isa = PBXVariantGroup;
			children = (
				3F3E8ACB2891BCA300DC9F56 /* Base */,
			);
			name = Main.storyboard;
			sourceTree = "<group>";
		};
		3F3E8ACF2891BCA400DC9F56 /* LaunchScreen.storyboard */ = {
			isa = PBXVariantGroup;
			children = (
				3F3E8AD02891BCA400DC9F56 /* Base */,
			);
			name = LaunchScreen.storyboard;
			sourceTree = "<group>";
		};
		3FDB1AFF2892E07B00284665 /* Info.storyboard */ = {
			isa = PBXVariantGroup;
			children = (
				3FDB1B002892E07B00284665 /* Base */,
			);
			name = Info.storyboard;
			sourceTree = "<group>";
		};
		3FDB1B0A2893013B00284665 /* AnimalList.storyboard */ = {
			isa = PBXVariantGroup;
			children = (
				3FDB1B0B2893013B00284665 /* Base */,
			);
			name = AnimalList.storyboard;
			sourceTree = "<group>";
		};
		3FDB1B0F2893016300284665 /* Graphs.storyboard */ = {
			isa = PBXVariantGroup;
			children = (
				3FDB1B102893016300284665 /* Base */,
			);
			name = Graphs.storyboard;
			sourceTree = "<group>";
		};
		3FDB1B142893018E00284665 /* QuizResults.storyboard */ = {
			isa = PBXVariantGroup;
			children = (
				3FDB1B152893018E00284665 /* Base */,
			);
			name = QuizResults.storyboard;
			sourceTree = "<group>";
		};
/* End PBXVariantGroup section */

/* Begin XCBuildConfiguration section */
		3F3E8AE92891BCA400DC9F56 /* Debug */ = {
			isa = XCBuildConfiguration;
			buildSettings = {
				ALWAYS_SEARCH_USER_PATHS = NO;
				CLANG_ANALYZER_NONNULL = YES;
				CLANG_ANALYZER_NUMBER_OBJECT_CONVERSION = YES_AGGRESSIVE;
				CLANG_CXX_LANGUAGE_STANDARD = "gnu++17";
				CLANG_ENABLE_MODULES = YES;
				CLANG_ENABLE_OBJC_ARC = YES;
				CLANG_ENABLE_OBJC_WEAK = YES;
				CLANG_WARN_BLOCK_CAPTURE_AUTORELEASING = YES;
				CLANG_WARN_BOOL_CONVERSION = YES;
				CLANG_WARN_COMMA = YES;
				CLANG_WARN_CONSTANT_CONVERSION = YES;
				CLANG_WARN_DEPRECATED_OBJC_IMPLEMENTATIONS = YES;
				CLANG_WARN_DIRECT_OBJC_ISA_USAGE = YES_ERROR;
				CLANG_WARN_DOCUMENTATION_COMMENTS = YES;
				CLANG_WARN_EMPTY_BODY = YES;
				CLANG_WARN_ENUM_CONVERSION = YES;
				CLANG_WARN_INFINITE_RECURSION = YES;
				CLANG_WARN_INT_CONVERSION = YES;
				CLANG_WARN_NON_LITERAL_NULL_CONVERSION = YES;
				CLANG_WARN_OBJC_IMPLICIT_RETAIN_SELF = YES;
				CLANG_WARN_OBJC_LITERAL_CONVERSION = YES;
				CLANG_WARN_OBJC_ROOT_CLASS = YES_ERROR;
				CLANG_WARN_QUOTED_INCLUDE_IN_FRAMEWORK_HEADER = YES;
				CLANG_WARN_RANGE_LOOP_ANALYSIS = YES;
				CLANG_WARN_STRICT_PROTOTYPES = YES;
				CLANG_WARN_SUSPICIOUS_MOVE = YES;
				CLANG_WARN_UNGUARDED_AVAILABILITY = YES_AGGRESSIVE;
				CLANG_WARN_UNREACHABLE_CODE = YES;
				CLANG_WARN__DUPLICATE_METHOD_MATCH = YES;
				COPY_PHASE_STRIP = NO;
				DEBUG_INFORMATION_FORMAT = dwarf;
				ENABLE_STRICT_OBJC_MSGSEND = YES;
				ENABLE_TESTABILITY = YES;
				GCC_C_LANGUAGE_STANDARD = gnu11;
				GCC_DYNAMIC_NO_PIC = NO;
				GCC_NO_COMMON_BLOCKS = YES;
				GCC_OPTIMIZATION_LEVEL = 0;
				GCC_PREPROCESSOR_DEFINITIONS = (
					"DEBUG=1",
					"$(inherited)",
				);
				GCC_WARN_64_TO_32_BIT_CONVERSION = YES;
				GCC_WARN_ABOUT_RETURN_TYPE = YES_ERROR;
				GCC_WARN_UNDECLARED_SELECTOR = YES;
				GCC_WARN_UNINITIALIZED_AUTOS = YES_AGGRESSIVE;
				GCC_WARN_UNUSED_FUNCTION = YES;
				GCC_WARN_UNUSED_VARIABLE = YES;
				IPHONEOS_DEPLOYMENT_TARGET = 15.5;
				MTL_ENABLE_DEBUG_INFO = INCLUDE_SOURCE;
				MTL_FAST_MATH = YES;
				ONLY_ACTIVE_ARCH = YES;
				SDKROOT = iphoneos;
				SWIFT_ACTIVE_COMPILATION_CONDITIONS = DEBUG;
				SWIFT_OPTIMIZATION_LEVEL = "-Onone";
			};
			name = Debug;
		};
		3F3E8AEA2891BCA400DC9F56 /* Release */ = {
			isa = XCBuildConfiguration;
			buildSettings = {
				ALWAYS_SEARCH_USER_PATHS = NO;
				CLANG_ANALYZER_NONNULL = YES;
				CLANG_ANALYZER_NUMBER_OBJECT_CONVERSION = YES_AGGRESSIVE;
				CLANG_CXX_LANGUAGE_STANDARD = "gnu++17";
				CLANG_ENABLE_MODULES = YES;
				CLANG_ENABLE_OBJC_ARC = YES;
				CLANG_ENABLE_OBJC_WEAK = YES;
				CLANG_WARN_BLOCK_CAPTURE_AUTORELEASING = YES;
				CLANG_WARN_BOOL_CONVERSION = YES;
				CLANG_WARN_COMMA = YES;
				CLANG_WARN_CONSTANT_CONVERSION = YES;
				CLANG_WARN_DEPRECATED_OBJC_IMPLEMENTATIONS = YES;
				CLANG_WARN_DIRECT_OBJC_ISA_USAGE = YES_ERROR;
				CLANG_WARN_DOCUMENTATION_COMMENTS = YES;
				CLANG_WARN_EMPTY_BODY = YES;
				CLANG_WARN_ENUM_CONVERSION = YES;
				CLANG_WARN_INFINITE_RECURSION = YES;
				CLANG_WARN_INT_CONVERSION = YES;
				CLANG_WARN_NON_LITERAL_NULL_CONVERSION = YES;
				CLANG_WARN_OBJC_IMPLICIT_RETAIN_SELF = YES;
				CLANG_WARN_OBJC_LITERAL_CONVERSION = YES;
				CLANG_WARN_OBJC_ROOT_CLASS = YES_ERROR;
				CLANG_WARN_QUOTED_INCLUDE_IN_FRAMEWORK_HEADER = YES;
				CLANG_WARN_RANGE_LOOP_ANALYSIS = YES;
				CLANG_WARN_STRICT_PROTOTYPES = YES;
				CLANG_WARN_SUSPICIOUS_MOVE = YES;
				CLANG_WARN_UNGUARDED_AVAILABILITY = YES_AGGRESSIVE;
				CLANG_WARN_UNREACHABLE_CODE = YES;
				CLANG_WARN__DUPLICATE_METHOD_MATCH = YES;
				COPY_PHASE_STRIP = NO;
				DEBUG_INFORMATION_FORMAT = "dwarf-with-dsym";
				ENABLE_NS_ASSERTIONS = NO;
				ENABLE_STRICT_OBJC_MSGSEND = YES;
				GCC_C_LANGUAGE_STANDARD = gnu11;
				GCC_NO_COMMON_BLOCKS = YES;
				GCC_WARN_64_TO_32_BIT_CONVERSION = YES;
				GCC_WARN_ABOUT_RETURN_TYPE = YES_ERROR;
				GCC_WARN_UNDECLARED_SELECTOR = YES;
				GCC_WARN_UNINITIALIZED_AUTOS = YES_AGGRESSIVE;
				GCC_WARN_UNUSED_FUNCTION = YES;
				GCC_WARN_UNUSED_VARIABLE = YES;
				IPHONEOS_DEPLOYMENT_TARGET = 15.5;
				MTL_ENABLE_DEBUG_INFO = NO;
				MTL_FAST_MATH = YES;
				SDKROOT = iphoneos;
				SWIFT_COMPILATION_MODE = wholemodule;
				SWIFT_OPTIMIZATION_LEVEL = "-O";
				VALIDATE_PRODUCT = YES;
			};
			name = Release;
		};
		3F3E8AEC2891BCA400DC9F56 /* Debug */ = {
			isa = XCBuildConfiguration;
			buildSettings = {
				ASSETCATALOG_COMPILER_APPICON_NAME = AppIcon;
				ASSETCATALOG_COMPILER_GLOBAL_ACCENT_COLOR_NAME = AccentColor;
				CODE_SIGN_STYLE = Automatic;
				CURRENT_PROJECT_VERSION = 1;
				GENERATE_INFOPLIST_FILE = YES;
				INFOPLIST_FILE = RacingAgainstExtinction/Info.plist;
				INFOPLIST_KEY_UIApplicationSupportsIndirectInputEvents = YES;
				INFOPLIST_KEY_UILaunchStoryboardName = LaunchScreen;
				INFOPLIST_KEY_UIMainStoryboardFile = Main;
				INFOPLIST_KEY_UISupportedInterfaceOrientations_iPad = "UIInterfaceOrientationPortrait UIInterfaceOrientationPortraitUpsideDown UIInterfaceOrientationLandscapeLeft UIInterfaceOrientationLandscapeRight";
				INFOPLIST_KEY_UISupportedInterfaceOrientations_iPhone = "UIInterfaceOrientationPortrait UIInterfaceOrientationLandscapeLeft UIInterfaceOrientationLandscapeRight";
				LD_RUNPATH_SEARCH_PATHS = (
					"$(inherited)",
					"@executable_path/Frameworks",
				);
				MARKETING_VERSION = 1.0;
				PRODUCT_BUNDLE_IDENTIFIER = com.groupOne.RacingAgainstExtinction;
				PRODUCT_NAME = "$(TARGET_NAME)";
				SWIFT_EMIT_LOC_STRINGS = YES;
				SWIFT_VERSION = 5.0;
				TARGETED_DEVICE_FAMILY = "1,2";
			};
			name = Debug;
		};
		3F3E8AED2891BCA400DC9F56 /* Release */ = {
			isa = XCBuildConfiguration;
			buildSettings = {
				ASSETCATALOG_COMPILER_APPICON_NAME = AppIcon;
				ASSETCATALOG_COMPILER_GLOBAL_ACCENT_COLOR_NAME = AccentColor;
				CODE_SIGN_STYLE = Automatic;
				CURRENT_PROJECT_VERSION = 1;
				GENERATE_INFOPLIST_FILE = YES;
				INFOPLIST_FILE = RacingAgainstExtinction/Info.plist;
				INFOPLIST_KEY_UIApplicationSupportsIndirectInputEvents = YES;
				INFOPLIST_KEY_UILaunchStoryboardName = LaunchScreen;
				INFOPLIST_KEY_UIMainStoryboardFile = Main;
				INFOPLIST_KEY_UISupportedInterfaceOrientations_iPad = "UIInterfaceOrientationPortrait UIInterfaceOrientationPortraitUpsideDown UIInterfaceOrientationLandscapeLeft UIInterfaceOrientationLandscapeRight";
				INFOPLIST_KEY_UISupportedInterfaceOrientations_iPhone = "UIInterfaceOrientationPortrait UIInterfaceOrientationLandscapeLeft UIInterfaceOrientationLandscapeRight";
				LD_RUNPATH_SEARCH_PATHS = (
					"$(inherited)",
					"@executable_path/Frameworks",
				);
				MARKETING_VERSION = 1.0;
				PRODUCT_BUNDLE_IDENTIFIER = com.groupOne.RacingAgainstExtinction;
				PRODUCT_NAME = "$(TARGET_NAME)";
				SWIFT_EMIT_LOC_STRINGS = YES;
				SWIFT_VERSION = 5.0;
				TARGETED_DEVICE_FAMILY = "1,2";
			};
			name = Release;
		};
		3F3E8AEF2891BCA400DC9F56 /* Debug */ = {
			isa = XCBuildConfiguration;
			buildSettings = {
				ALWAYS_EMBED_SWIFT_STANDARD_LIBRARIES = YES;
				BUNDLE_LOADER = "$(TEST_HOST)";
				CODE_SIGN_STYLE = Automatic;
				CURRENT_PROJECT_VERSION = 1;
				GENERATE_INFOPLIST_FILE = YES;
				IPHONEOS_DEPLOYMENT_TARGET = 15.5;
				MARKETING_VERSION = 1.0;
				PRODUCT_BUNDLE_IDENTIFIER = com.groupOne.RacingAgainstExtinctionTests;
				PRODUCT_NAME = "$(TARGET_NAME)";
				SWIFT_EMIT_LOC_STRINGS = NO;
				SWIFT_VERSION = 5.0;
				TARGETED_DEVICE_FAMILY = "1,2";
				TEST_HOST = "$(BUILT_PRODUCTS_DIR)/RacingAgainstExtinction.app/RacingAgainstExtinction";
			};
			name = Debug;
		};
		3F3E8AF02891BCA400DC9F56 /* Release */ = {
			isa = XCBuildConfiguration;
			buildSettings = {
				ALWAYS_EMBED_SWIFT_STANDARD_LIBRARIES = YES;
				BUNDLE_LOADER = "$(TEST_HOST)";
				CODE_SIGN_STYLE = Automatic;
				CURRENT_PROJECT_VERSION = 1;
				GENERATE_INFOPLIST_FILE = YES;
				IPHONEOS_DEPLOYMENT_TARGET = 15.5;
				MARKETING_VERSION = 1.0;
				PRODUCT_BUNDLE_IDENTIFIER = com.groupOne.RacingAgainstExtinctionTests;
				PRODUCT_NAME = "$(TARGET_NAME)";
				SWIFT_EMIT_LOC_STRINGS = NO;
				SWIFT_VERSION = 5.0;
				TARGETED_DEVICE_FAMILY = "1,2";
				TEST_HOST = "$(BUILT_PRODUCTS_DIR)/RacingAgainstExtinction.app/RacingAgainstExtinction";
			};
			name = Release;
		};
		3F3E8AF22891BCA400DC9F56 /* Debug */ = {
			isa = XCBuildConfiguration;
			buildSettings = {
				ALWAYS_EMBED_SWIFT_STANDARD_LIBRARIES = YES;
				CODE_SIGN_STYLE = Automatic;
				CURRENT_PROJECT_VERSION = 1;
				GENERATE_INFOPLIST_FILE = YES;
				MARKETING_VERSION = 1.0;
				PRODUCT_BUNDLE_IDENTIFIER = com.groupOne.RacingAgainstExtinctionUITests;
				PRODUCT_NAME = "$(TARGET_NAME)";
				SWIFT_EMIT_LOC_STRINGS = NO;
				SWIFT_VERSION = 5.0;
				TARGETED_DEVICE_FAMILY = "1,2";
				TEST_TARGET_NAME = RacingAgainstExtinction;
			};
			name = Debug;
		};
		3F3E8AF32891BCA400DC9F56 /* Release */ = {
			isa = XCBuildConfiguration;
			buildSettings = {
				ALWAYS_EMBED_SWIFT_STANDARD_LIBRARIES = YES;
				CODE_SIGN_STYLE = Automatic;
				CURRENT_PROJECT_VERSION = 1;
				GENERATE_INFOPLIST_FILE = YES;
				MARKETING_VERSION = 1.0;
				PRODUCT_BUNDLE_IDENTIFIER = com.groupOne.RacingAgainstExtinctionUITests;
				PRODUCT_NAME = "$(TARGET_NAME)";
				SWIFT_EMIT_LOC_STRINGS = NO;
				SWIFT_VERSION = 5.0;
				TARGETED_DEVICE_FAMILY = "1,2";
				TEST_TARGET_NAME = RacingAgainstExtinction;
			};
			name = Release;
		};
/* End XCBuildConfiguration section */

/* Begin XCConfigurationList section */
		3F3E8ABC2891BCA300DC9F56 /* Build configuration list for PBXProject "RacingAgainstExtinction" */ = {
			isa = XCConfigurationList;
			buildConfigurations = (
				3F3E8AE92891BCA400DC9F56 /* Debug */,
				3F3E8AEA2891BCA400DC9F56 /* Release */,
			);
			defaultConfigurationIsVisible = 0;
			defaultConfigurationName = Release;
		};
		3F3E8AEB2891BCA400DC9F56 /* Build configuration list for PBXNativeTarget "RacingAgainstExtinction" */ = {
			isa = XCConfigurationList;
			buildConfigurations = (
				3F3E8AEC2891BCA400DC9F56 /* Debug */,
				3F3E8AED2891BCA400DC9F56 /* Release */,
			);
			defaultConfigurationIsVisible = 0;
			defaultConfigurationName = Release;
		};
		3F3E8AEE2891BCA400DC9F56 /* Build configuration list for PBXNativeTarget "RacingAgainstExtinctionTests" */ = {
			isa = XCConfigurationList;
			buildConfigurations = (
				3F3E8AEF2891BCA400DC9F56 /* Debug */,
				3F3E8AF02891BCA400DC9F56 /* Release */,
			);
			defaultConfigurationIsVisible = 0;
			defaultConfigurationName = Release;
		};
		3F3E8AF12891BCA400DC9F56 /* Build configuration list for PBXNativeTarget "RacingAgainstExtinctionUITests" */ = {
			isa = XCConfigurationList;
			buildConfigurations = (
				3F3E8AF22891BCA400DC9F56 /* Debug */,
				3F3E8AF32891BCA400DC9F56 /* Release */,
			);
			defaultConfigurationIsVisible = 0;
			defaultConfigurationName = Release;
		};
/* End XCConfigurationList section */
	};
	rootObject = 3F3E8AB92891BCA300DC9F56 /* Project object */;
}
